
Microsoft Visual Studio Solution File, Format Version 12.00
# Visual Studio Version 17
VisualStudioVersion = 17.0.31903.59
MinimumVisualStudioVersion = 10.0.40219.1
Project("{2150E333-8FDC-42A3-9474-1A3956D46DE8}") = "src", "src", "{827E0CD3-B72D-47B6-A68D-7590B98EB39B}"
EndProject
Project("{FAE04EC0-301F-11D3-BF4B-00C04F79EFBC}") = "Contracts", "src\Contracts\Contracts.csproj", "{1929ADE2-3DDE-43C4-AAE3-9D3AB512CE83}"
EndProject
Project("{FAE04EC0-301F-11D3-BF4B-00C04F79EFBC}") = "Lib.Corpus", "src\Lib.Corpus\Lib.Corpus.csproj", "{A8DD34EE-A883-41CE-86F6-423D85800075}"
EndProject
Project("{FAE04EC0-301F-11D3-BF4B-00C04F79EFBC}") = "Lib.Tokenization", "src\Lib.Tokenization\Lib.Tokenization.csproj", "{9056B6C7-B3D2-42DE-95F7-C4BE0A9A2D95}"
EndProject
Project("{FAE04EC0-301F-11D3-BF4B-00C04F79EFBC}") = "Lib.Batching", "src\Lib.Batching\Lib.Batching.csproj", "{05F3A2ED-EBB8-469D-99B2-64C671FC5EAE}"
EndProject
Project("{FAE04EC0-301F-11D3-BF4B-00C04F79EFBC}") = "Lib.MathCore", "src\Lib.MathCore\Lib.MathCore.csproj", "{4C86ABB9-794A-4D38-997F-B8E46377FECE}"
EndProject
Project("{FAE04EC0-301F-11D3-BF4B-00C04F79EFBC}") = "Lib.Sampling", "src\Lib.Sampling\Lib.Sampling.csproj", "{9DD8D4CB-8AF3-4BB5-8026-6B30E182F09A}"
EndProject
Project("{FAE04EC0-301F-11D3-BF4B-00C04F79EFBC}") = "Lib.Models.NGram", "src\Lib.Models.NGram\Lib.Models.NGram.csproj", "{7299E8B3-9177-4C41-842E-957D1B9AAC29}"
EndProject
Project("{FAE04EC0-301F-11D3-BF4B-00C04F79EFBC}") = "Lib.Models.TinyNN", "src\Lib.Models.TinyNN\Lib.Models.TinyNN.csproj", "{5CDEEC51-E992-49F1-8EB9-AA3390A9207A}"
EndProject
Project("{FAE04EC0-301F-11D3-BF4B-00C04F79EFBC}") = "Lib.Models.TinyTransformer", "src\Lib.Models.TinyTransformer\Lib.Models.TinyTransformer.csproj", "{BB798E5B-92C4-44A3-8929-A6AED3DABADB}"
EndProject
Project("{FAE04EC0-301F-11D3-BF4B-00C04F79EFBC}") = "Lib.Training", "src\Lib.Training\Lib.Training.csproj", "{6AD5DEE3-20B8-41D1-A8CE-E5590450EF3E}"
EndProject
Project("{FAE04EC0-301F-11D3-BF4B-00C04F79EFBC}") = "Lib.ChatConsole", "src\Lib.ChatConsole\Lib.ChatConsole.csproj", "{BB38EDBF-9011-4DA1-B1B7-E26A052D4D70}"
EndProject
Project("{FAE04EC0-301F-11D3-BF4B-00C04F79EFBC}") = "Trainer", "src\Trainer\Trainer.csproj", "{25E6C4EE-088B-410F-B739-648F4D9944A2}"
EndProject
Project("{FAE04EC0-301F-11D3-BF4B-00C04F79EFBC}") = "Chat", "src\Chat\Chat.csproj", "{AEAEBAB1-683C-47C2-92F0-4B826A06D5BB}"
EndProject
Project("{2150E333-8FDC-42A3-9474-1A3956D46DE8}") = "tests", "tests", "{0AB3BF05-4346-4AA6-1389-037BE0695223}"
EndProject
Global
	GlobalSection(SolutionConfigurationPlatforms) = preSolution
		Debug|Any CPU = Debug|Any CPU
		Debug|x64 = Debug|x64
		Debug|x86 = Debug|x86
		Release|Any CPU = Release|Any CPU
		Release|x64 = Release|x64
		Release|x86 = Release|x86
	EndGlobalSection
	GlobalSection(ProjectConfigurationPlatforms) = postSolution
		{1929ADE2-3DDE-43C4-AAE3-9D3AB512CE83}.Debug|Any CPU.ActiveCfg = Debug|Any CPU
		{1929ADE2-3DDE-43C4-AAE3-9D3AB512CE83}.Debug|Any CPU.Build.0 = Debug|Any CPU
		{1929ADE2-3DDE-43C4-AAE3-9D3AB512CE83}.Debug|x64.ActiveCfg = Debug|Any CPU
		{1929ADE2-3DDE-43C4-AAE3-9D3AB512CE83}.Debug|x64.Build.0 = Debug|Any CPU
		{1929ADE2-3DDE-43C4-AAE3-9D3AB512CE83}.Debug|x86.ActiveCfg = Debug|Any CPU
		{1929ADE2-3DDE-43C4-AAE3-9D3AB512CE83}.Debug|x86.Build.0 = Debug|Any CPU
		{1929ADE2-3DDE-43C4-AAE3-9D3AB512CE83}.Release|Any CPU.ActiveCfg = Release|Any CPU
		{1929ADE2-3DDE-43C4-AAE3-9D3AB512CE83}.Release|Any CPU.Build.0 = Release|Any CPU
		{1929ADE2-3DDE-43C4-AAE3-9D3AB512CE83}.Release|x64.ActiveCfg = Release|Any CPU
		{1929ADE2-3DDE-43C4-AAE3-9D3AB512CE83}.Release|x64.Build.0 = Release|Any CPU
		{1929ADE2-3DDE-43C4-AAE3-9D3AB512CE83}.Release|x86.ActiveCfg = Release|Any CPU
		{1929ADE2-3DDE-43C4-AAE3-9D3AB512CE83}.Release|x86.Build.0 = Release|Any CPU
		{A8DD34EE-A883-41CE-86F6-423D85800075}.Debug|Any CPU.ActiveCfg = Debug|Any CPU
		{A8DD34EE-A883-41CE-86F6-423D85800075}.Debug|Any CPU.Build.0 = Debug|Any CPU
		{A8DD34EE-A883-41CE-86F6-423D85800075}.Debug|x64.ActiveCfg = Debug|Any CPU
		{A8DD34EE-A883-41CE-86F6-423D85800075}.Debug|x64.Build.0 = Debug|Any CPU
		{A8DD34EE-A883-41CE-86F6-423D85800075}.Debug|x86.ActiveCfg = Debug|Any CPU
		{A8DD34EE-A883-41CE-86F6-423D85800075}.Debug|x86.Build.0 = Debug|Any CPU
		{A8DD34EE-A883-41CE-86F6-423D85800075}.Release|Any CPU.ActiveCfg = Release|Any CPU
		{A8DD34EE-A883-41CE-86F6-423D85800075}.Release|Any CPU.Build.0 = Release|Any CPU
		{A8DD34EE-A883-41CE-86F6-423D85800075}.Release|x64.ActiveCfg = Release|Any CPU
		{A8DD34EE-A883-41CE-86F6-423D85800075}.Release|x64.Build.0 = Release|Any CPU
		{A8DD34EE-A883-41CE-86F6-423D85800075}.Release|x86.ActiveCfg = Release|Any CPU
		{A8DD34EE-A883-41CE-86F6-423D85800075}.Release|x86.Build.0 = Release|Any CPU
		{9056B6C7-B3D2-42DE-95F7-C4BE0A9A2D95}.Debug|Any CPU.ActiveCfg = Debug|Any CPU
		{9056B6C7-B3D2-42DE-95F7-C4BE0A9A2D95}.Debug|Any CPU.Build.0 = Debug|Any CPU
		{9056B6C7-B3D2-42DE-95F7-C4BE0A9A2D95}.Debug|x64.ActiveCfg = Debug|Any CPU
		{9056B6C7-B3D2-42DE-95F7-C4BE0A9A2D95}.Debug|x64.Build.0 = Debug|Any CPU
		{9056B6C7-B3D2-42DE-95F7-C4BE0A9A2D95}.Debug|x86.ActiveCfg = Debug|Any CPU
		{9056B6C7-B3D2-42DE-95F7-C4BE0A9A2D95}.Debug|x86.Build.0 = Debug|Any CPU
		{9056B6C7-B3D2-42DE-95F7-C4BE0A9A2D95}.Release|Any CPU.ActiveCfg = Release|Any CPU
		{9056B6C7-B3D2-42DE-95F7-C4BE0A9A2D95}.Release|Any CPU.Build.0 = Release|Any CPU
		{9056B6C7-B3D2-42DE-95F7-C4BE0A9A2D95}.Release|x64.ActiveCfg = Release|Any CPU
		{9056B6C7-B3D2-42DE-95F7-C4BE0A9A2D95}.Release|x64.Build.0 = Release|Any CPU
		{9056B6C7-B3D2-42DE-95F7-C4BE0A9A2D95}.Release|x86.ActiveCfg = Release|Any CPU
		{9056B6C7-B3D2-42DE-95F7-C4BE0A9A2D95}.Release|x86.Build.0 = Release|Any CPU
		{05F3A2ED-EBB8-469D-99B2-64C671FC5EAE}.Debug|Any CPU.ActiveCfg = Debug|Any CPU
		{05F3A2ED-EBB8-469D-99B2-64C671FC5EAE}.Debug|Any CPU.Build.0 = Debug|Any CPU
		{05F3A2ED-EBB8-469D-99B2-64C671FC5EAE}.Debug|x64.ActiveCfg = Debug|Any CPU
		{05F3A2ED-EBB8-469D-99B2-64C671FC5EAE}.Debug|x64.Build.0 = Debug|Any CPU
		{05F3A2ED-EBB8-469D-99B2-64C671FC5EAE}.Debug|x86.ActiveCfg = Debug|Any CPU
		{05F3A2ED-EBB8-469D-99B2-64C671FC5EAE}.Debug|x86.Build.0 = Debug|Any CPU
		{05F3A2ED-EBB8-469D-99B2-64C671FC5EAE}.Release|Any CPU.ActiveCfg = Release|Any CPU
		{05F3A2ED-EBB8-469D-99B2-64C671FC5EAE}.Release|Any CPU.Build.0 = Release|Any CPU
		{05F3A2ED-EBB8-469D-99B2-64C671FC5EAE}.Release|x64.ActiveCfg = Release|Any CPU
		{05F3A2ED-EBB8-469D-99B2-64C671FC5EAE}.Release|x64.Build.0 = Release|Any CPU
		{05F3A2ED-EBB8-469D-99B2-64C671FC5EAE}.Release|x86.ActiveCfg = Release|Any CPU
		{05F3A2ED-EBB8-469D-99B2-64C671FC5EAE}.Release|x86.Build.0 = Release|Any CPU
		{4C86ABB9-794A-4D38-997F-B8E46377FECE}.Debug|Any CPU.ActiveCfg = Debug|Any CPU
		{4C86ABB9-794A-4D38-997F-B8E46377FECE}.Debug|Any CPU.Build.0 = Debug|Any CPU
		{4C86ABB9-794A-4D38-997F-B8E46377FECE}.Debug|x64.ActiveCfg = Debug|Any CPU
		{4C86ABB9-794A-4D38-997F-B8E46377FECE}.Debug|x64.Build.0 = Debug|Any CPU
		{4C86ABB9-794A-4D38-997F-B8E46377FECE}.Debug|x86.ActiveCfg = Debug|Any CPU
		{4C86ABB9-794A-4D38-997F-B8E46377FECE}.Debug|x86.Build.0 = Debug|Any CPU
		{4C86ABB9-794A-4D38-997F-B8E46377FECE}.Release|Any CPU.ActiveCfg = Release|Any CPU
		{4C86ABB9-794A-4D38-997F-B8E46377FECE}.Release|Any CPU.Build.0 = Release|Any CPU
		{4C86ABB9-794A-4D38-997F-B8E46377FECE}.Release|x64.ActiveCfg = Release|Any CPU
		{4C86ABB9-794A-4D38-997F-B8E46377FECE}.Release|x64.Build.0 = Release|Any CPU
		{4C86ABB9-794A-4D38-997F-B8E46377FECE}.Release|x86.ActiveCfg = Release|Any CPU
		{4C86ABB9-794A-4D38-997F-B8E46377FECE}.Release|x86.Build.0 = Release|Any CPU
		{9DD8D4CB-8AF3-4BB5-8026-6B30E182F09A}.Debug|Any CPU.ActiveCfg = Debug|Any CPU
		{9DD8D4CB-8AF3-4BB5-8026-6B30E182F09A}.Debug|Any CPU.Build.0 = Debug|Any CPU
		{9DD8D4CB-8AF3-4BB5-8026-6B30E182F09A}.Debug|x64.ActiveCfg = Debug|Any CPU
		{9DD8D4CB-8AF3-4BB5-8026-6B30E182F09A}.Debug|x64.Build.0 = Debug|Any CPU
		{9DD8D4CB-8AF3-4BB5-8026-6B30E182F09A}.Debug|x86.ActiveCfg = Debug|Any CPU
		{9DD8D4CB-8AF3-4BB5-8026-6B30E182F09A}.Debug|x86.Build.0 = Debug|Any CPU
		{9DD8D4CB-8AF3-4BB5-8026-6B30E182F09A}.Release|Any CPU.ActiveCfg = Release|Any CPU
		{9DD8D4CB-8AF3-4BB5-8026-6B30E182F09A}.Release|Any CPU.Build.0 = Release|Any CPU
		{9DD8D4CB-8AF3-4BB5-8026-6B30E182F09A}.Release|x64.ActiveCfg = Release|Any CPU
		{9DD8D4CB-8AF3-4BB5-8026-6B30E182F09A}.Release|x64.Build.0 = Release|Any CPU
		{9DD8D4CB-8AF3-4BB5-8026-6B30E182F09A}.Release|x86.ActiveCfg = Release|Any CPU
		{9DD8D4CB-8AF3-4BB5-8026-6B30E182F09A}.Release|x86.Build.0 = Release|Any CPU
		{7299E8B3-9177-4C41-842E-957D1B9AAC29}.Debug|Any CPU.ActiveCfg = Debug|Any CPU
		{7299E8B3-9177-4C41-842E-957D1B9AAC29}.Debug|Any CPU.Build.0 = Debug|Any CPU
		{7299E8B3-9177-4C41-842E-957D1B9AAC29}.Debug|x64.ActiveCfg = Debug|Any CPU
		{7299E8B3-9177-4C41-842E-957D1B9AAC29}.Debug|x64.Build.0 = Debug|Any CPU
		{7299E8B3-9177-4C41-842E-957D1B9AAC29}.Debug|x86.ActiveCfg = Debug|Any CPU
		{7299E8B3-9177-4C41-842E-957D1B9AAC29}.Debug|x86.Build.0 = Debug|Any CPU
		{7299E8B3-9177-4C41-842E-957D1B9AAC29}.Release|Any CPU.ActiveCfg = Release|Any CPU
		{7299E8B3-9177-4C41-842E-957D1B9AAC29}.Release|Any CPU.Build.0 = Release|Any CPU
		{7299E8B3-9177-4C41-842E-957D1B9AAC29}.Release|x64.ActiveCfg = Release|Any CPU
		{7299E8B3-9177-4C41-842E-957D1B9AAC29}.Release|x64.Build.0 = Release|Any CPU
		{7299E8B3-9177-4C41-842E-957D1B9AAC29}.Release|x86.ActiveCfg = Release|Any CPU
		{7299E8B3-9177-4C41-842E-957D1B9AAC29}.Release|x86.Build.0 = Release|Any CPU
		{5CDEEC51-E992-49F1-8EB9-AA3390A9207A}.Debug|Any CPU.ActiveCfg = Debug|Any CPU
		{5CDEEC51-E992-49F1-8EB9-AA3390A9207A}.Debug|Any CPU.Build.0 = Debug|Any CPU
		{5CDEEC51-E992-49F1-8EB9-AA3390A9207A}.Debug|x64.ActiveCfg = Debug|Any CPU
		{5CDEEC51-E992-49F1-8EB9-AA3390A9207A}.Debug|x64.Build.0 = Debug|Any CPU
		{5CDEEC51-E992-49F1-8EB9-AA3390A9207A}.Debug|x86.ActiveCfg = Debug|Any CPU
		{5CDEEC51-E992-49F1-8EB9-AA3390A9207A}.Debug|x86.Build.0 = Debug|Any CPU
		{5CDEEC51-E992-49F1-8EB9-AA3390A9207A}.Release|Any CPU.ActiveCfg = Release|Any CPU
		{5CDEEC51-E992-49F1-8EB9-AA3390A9207A}.Release|Any CPU.Build.0 = Release|Any CPU
		{5CDEEC51-E992-49F1-8EB9-AA3390A9207A}.Release|x64.ActiveCfg = Release|Any CPU
		{5CDEEC51-E992-49F1-8EB9-AA3390A9207A}.Release|x64.Build.0 = Release|Any CPU
		{5CDEEC51-E992-49F1-8EB9-AA3390A9207A}.Release|x86.ActiveCfg = Release|Any CPU
		{5CDEEC51-E992-49F1-8EB9-AA3390A9207A}.Release|x86.Build.0 = Release|Any CPU
		{BB798E5B-92C4-44A3-8929-A6AED3DABADB}.Debug|Any CPU.ActiveCfg = Debug|Any CPU
		{BB798E5B-92C4-44A3-8929-A6AED3DABADB}.Debug|Any CPU.Build.0 = Debug|Any CPU
		{BB798E5B-92C4-44A3-8929-A6AED3DABADB}.Debug|x64.ActiveCfg = Debug|Any CPU
		{BB798E5B-92C4-44A3-8929-A6AED3DABADB}.Debug|x64.Build.0 = Debug|Any CPU
		{BB798E5B-92C4-44A3-8929-A6AED3DABADB}.Debug|x86.ActiveCfg = Debug|Any CPU
		{BB798E5B-92C4-44A3-8929-A6AED3DABADB}.Debug|x86.Build.0 = Debug|Any CPU
		{BB798E5B-92C4-44A3-8929-A6AED3DABADB}.Release|Any CPU.ActiveCfg = Release|Any CPU
		{BB798E5B-92C4-44A3-8929-A6AED3DABADB}.Release|Any CPU.Build.0 = Release|Any CPU
		{BB798E5B-92C4-44A3-8929-A6AED3DABADB}.Release|x64.ActiveCfg = Release|Any CPU
		{BB798E5B-92C4-44A3-8929-A6AED3DABADB}.Release|x64.Build.0 = Release|Any CPU
		{BB798E5B-92C4-44A3-8929-A6AED3DABADB}.Release|x86.ActiveCfg = Release|Any CPU
		{BB798E5B-92C4-44A3-8929-A6AED3DABADB}.Release|x86.Build.0 = Release|Any CPU
		{6AD5DEE3-20B8-41D1-A8CE-E5590450EF3E}.Debug|Any CPU.ActiveCfg = Debug|Any CPU
		{6AD5DEE3-20B8-41D1-A8CE-E5590450EF3E}.Debug|Any CPU.Build.0 = Debug|Any CPU
		{6AD5DEE3-20B8-41D1-A8CE-E5590450EF3E}.Debug|x64.ActiveCfg = Debug|Any CPU
		{6AD5DEE3-20B8-41D1-A8CE-E5590450EF3E}.Debug|x64.Build.0 = Debug|Any CPU
		{6AD5DEE3-20B8-41D1-A8CE-E5590450EF3E}.Debug|x86.ActiveCfg = Debug|Any CPU
		{6AD5DEE3-20B8-41D1-A8CE-E5590450EF3E}.Debug|x86.Build.0 = Debug|Any CPU
		{6AD5DEE3-20B8-41D1-A8CE-E5590450EF3E}.Release|Any CPU.ActiveCfg = Release|Any CPU
		{6AD5DEE3-20B8-41D1-A8CE-E5590450EF3E}.Release|Any CPU.Build.0 = Release|Any CPU
		{6AD5DEE3-20B8-41D1-A8CE-E5590450EF3E}.Release|x64.ActiveCfg = Release|Any CPU
		{6AD5DEE3-20B8-41D1-A8CE-E5590450EF3E}.Release|x64.Build.0 = Release|Any CPU
		{6AD5DEE3-20B8-41D1-A8CE-E5590450EF3E}.Release|x86.ActiveCfg = Release|Any CPU
		{6AD5DEE3-20B8-41D1-A8CE-E5590450EF3E}.Release|x86.Build.0 = Release|Any CPU
		{BB38EDBF-9011-4DA1-B1B7-E26A052D4D70}.Debug|Any CPU.ActiveCfg = Debug|Any CPU
		{BB38EDBF-9011-4DA1-B1B7-E26A052D4D70}.Debug|Any CPU.Build.0 = Debug|Any CPU
		{BB38EDBF-9011-4DA1-B1B7-E26A052D4D70}.Debug|x64.ActiveCfg = Debug|Any CPU
		{BB38EDBF-9011-4DA1-B1B7-E26A052D4D70}.Debug|x64.Build.0 = Debug|Any CPU
		{BB38EDBF-9011-4DA1-B1B7-E26A052D4D70}.Debug|x86.ActiveCfg = Debug|Any CPU
		{BB38EDBF-9011-4DA1-B1B7-E26A052D4D70}.Debug|x86.Build.0 = Debug|Any CPU
		{BB38EDBF-9011-4DA1-B1B7-E26A052D4D70}.Release|Any CPU.ActiveCfg = Release|Any CPU
		{BB38EDBF-9011-4DA1-B1B7-E26A052D4D70}.Release|Any CPU.Build.0 = Release|Any CPU
		{BB38EDBF-9011-4DA1-B1B7-E26A052D4D70}.Release|x64.ActiveCfg = Release|Any CPU
		{BB38EDBF-9011-4DA1-B1B7-E26A052D4D70}.Release|x64.Build.0 = Release|Any CPU
		{BB38EDBF-9011-4DA1-B1B7-E26A052D4D70}.Release|x86.ActiveCfg = Release|Any CPU
		{BB38EDBF-9011-4DA1-B1B7-E26A052D4D70}.Release|x86.Build.0 = Release|Any CPU
		{25E6C4EE-088B-410F-B739-648F4D9944A2}.Debug|Any CPU.ActiveCfg = Debug|Any CPU
		{25E6C4EE-088B-410F-B739-648F4D9944A2}.Debug|Any CPU.Build.0 = Debug|Any CPU
		{25E6C4EE-088B-410F-B739-648F4D9944A2}.Debug|x64.ActiveCfg = Debug|Any CPU
		{25E6C4EE-088B-410F-B739-648F4D9944A2}.Debug|x64.Build.0 = Debug|Any CPU
		{25E6C4EE-088B-410F-B739-648F4D9944A2}.Debug|x86.ActiveCfg = Debug|Any CPU
		{25E6C4EE-088B-410F-B739-648F4D9944A2}.Debug|x86.Build.0 = Debug|Any CPU
		{25E6C4EE-088B-410F-B739-648F4D9944A2}.Release|Any CPU.ActiveCfg = Release|Any CPU
		{25E6C4EE-088B-410F-B739-648F4D9944A2}.Release|Any CPU.Build.0 = Release|Any CPU
		{25E6C4EE-088B-410F-B739-648F4D9944A2}.Release|x64.ActiveCfg = Release|Any CPU
		{25E6C4EE-088B-410F-B739-648F4D9944A2}.Release|x64.Build.0 = Release|Any CPU
		{25E6C4EE-088B-410F-B739-648F4D9944A2}.Release|x86.ActiveCfg = Release|Any CPU
		{25E6C4EE-088B-410F-B739-648F4D9944A2}.Release|x86.Build.0 = Release|Any CPU
		{AEAEBAB1-683C-47C2-92F0-4B826A06D5BB}.Debug|Any CPU.ActiveCfg = Debug|Any CPU
		{AEAEBAB1-683C-47C2-92F0-4B826A06D5BB}.Debug|Any CPU.Build.0 = Debug|Any CPU
		{AEAEBAB1-683C-47C2-92F0-4B826A06D5BB}.Debug|x64.ActiveCfg = Debug|Any CPU
		{AEAEBAB1-683C-47C2-92F0-4B826A06D5BB}.Debug|x64.Build.0 = Debug|Any CPU
		{AEAEBAB1-683C-47C2-92F0-4B826A06D5BB}.Debug|x86.ActiveCfg = Debug|Any CPU
		{AEAEBAB1-683C-47C2-92F0-4B826A06D5BB}.Debug|x86.Build.0 = Debug|Any CPU
		{AEAEBAB1-683C-47C2-92F0-4B826A06D5BB}.Release|Any CPU.ActiveCfg = Release|Any CPU
		{AEAEBAB1-683C-47C2-92F0-4B826A06D5BB}.Release|Any CPU.Build.0 = Release|Any CPU
		{AEAEBAB1-683C-47C2-92F0-4B826A06D5BB}.Release|x64.ActiveCfg = Release|Any CPU
		{AEAEBAB1-683C-47C2-92F0-4B826A06D5BB}.Release|x64.Build.0 = Release|Any CPU
		{AEAEBAB1-683C-47C2-92F0-4B826A06D5BB}.Release|x86.ActiveCfg = Release|Any CPU
		{AEAEBAB1-683C-47C2-92F0-4B826A06D5BB}.Release|x86.Build.0 = Release|Any CPU
	EndGlobalSection
	GlobalSection(SolutionProperties) = preSolution
		HideSolutionNode = FALSE
	EndGlobalSection
	GlobalSection(NestedProjects) = preSolution
		{1929ADE2-3DDE-43C4-AAE3-9D3AB512CE83} = {827E0CD3-B72D-47B6-A68D-7590B98EB39B}
		{A8DD34EE-A883-41CE-86F6-423D85800075} = {827E0CD3-B72D-47B6-A68D-7590B98EB39B}
		{9056B6C7-B3D2-42DE-95F7-C4BE0A9A2D95} = {827E0CD3-B72D-47B6-A68D-7590B98EB39B}
		{05F3A2ED-EBB8-469D-99B2-64C671FC5EAE} = {827E0CD3-B72D-47B6-A68D-7590B98EB39B}
		{4C86ABB9-794A-4D38-997F-B8E46377FECE} = {827E0CD3-B72D-47B6-A68D-7590B98EB39B}
		{9DD8D4CB-8AF3-4BB5-8026-6B30E182F09A} = {827E0CD3-B72D-47B6-A68D-7590B98EB39B}
		{7299E8B3-9177-4C41-842E-957D1B9AAC29} = {827E0CD3-B72D-47B6-A68D-7590B98EB39B}
		{5CDEEC51-E992-49F1-8EB9-AA3390A9207A} = {827E0CD3-B72D-47B6-A68D-7590B98EB39B}
		{BB798E5B-92C4-44A3-8929-A6AED3DABADB} = {827E0CD3-B72D-47B6-A68D-7590B98EB39B}
		{6AD5DEE3-20B8-41D1-A8CE-E5590450EF3E} = {827E0CD3-B72D-47B6-A68D-7590B98EB39B}
		{BB38EDBF-9011-4DA1-B1B7-E26A052D4D70} = {827E0CD3-B72D-47B6-A68D-7590B98EB39B}
		{25E6C4EE-088B-410F-B739-648F4D9944A2} = {827E0CD3-B72D-47B6-A68D-7590B98EB39B}
		{AEAEBAB1-683C-47C2-92F0-4B826A06D5BB} = {827E0CD3-B72D-47B6-A68D-7590B98EB39B}
	EndGlobalSection
	GlobalSection(ExtensibilityGlobals) = postSolution
		SolutionGuid = {A0B1AA96-F52B-48BD-AAA5-43AE5B88E76E}
	EndGlobalSection
EndGlobal
